
Microsoft Visual Studio Solution File, Format Version 12.00
# Visual Studio Version 17
VisualStudioVersion = 17.5.33516.290
MinimumVisualStudioVersion = 10.0.40219.1
Project("{FAE04EC0-301F-11D3-BF4B-00C04F79EFBC}") = "Homework_number_38", "Homework_number_38\Homework_number_38.csproj", "{1E913F90-6EC9-4730-9C51-939FA754116B}"
EndProject
Global
	GlobalSection(SolutionConfigurationPlatforms) = preSolution
		Debug|Any CPU = Debug|Any CPU
		Release|Any CPU = Release|Any CPU
	EndGlobalSection
	GlobalSection(ProjectConfigurationPlatforms) = postSolution
		{1E913F90-6EC9-4730-9C51-939FA754116B}.Debug|Any CPU.ActiveCfg = Debug|Any CPU
		{1E913F90-6EC9-4730-9C51-939FA754116B}.Debug|Any CPU.Build.0 = Debug|Any CPU
		{1E913F90-6EC9-4730-9C51-939FA754116B}.Release|Any CPU.ActiveCfg = Release|Any CPU
		{1E913F90-6EC9-4730-9C51-939FA754116B}.Release|Any CPU.Build.0 = Release|Any CPU
	EndGlobalSection
	GlobalSection(SolutionProperties) = preSolution
		HideSolutionNode = FALSE
	EndGlobalSection
	GlobalSection(ExtensibilityGlobals) = postSolution
		SolutionGuid = {907EA74B-1166-42B2-936C-37861F43DD17}
	EndGlobalSection
EndGlobal
